// !$*UTF8*$!
{
	archiveVersion = 1;
	classes = {
	};
	objectVersion = 77;
	objects = {

/* Begin PBXBuildFile section */
		CA0C3D962EE5C13200012A88 /* lstm_monthly.mlpackage in Sources */ = {isa = PBXBuildFile; fileRef = CA0C3D952EE5C13200012A88 /* lstm_monthly.mlpackage */; };
		CA553DD32E8CEF16001FD2D8 /* FirebaseAuth in Frameworks */ = {isa = PBXBuildFile; productRef = CA553DD22E8CEF16001FD2D8 /* FirebaseAuth */; };
		CA553DD52E8CEF16001FD2D8 /* FirebaseCore in Frameworks */ = {isa = PBXBuildFile; productRef = CA553DD42E8CEF16001FD2D8 /* FirebaseCore */; };
		CA553DD72E8CEF16001FD2D8 /* FirebaseFirestore in Frameworks */ = {isa = PBXBuildFile; productRef = CA553DD62E8CEF16001FD2D8 /* FirebaseFirestore */; };
		CA553DDA2E8CEFAB001FD2D8 /* GoogleSignIn in Frameworks */ = {isa = PBXBuildFile; productRef = CA553DD92E8CEFAB001FD2D8 /* GoogleSignIn */; };
		CA553DDC2E8CEFAB001FD2D8 /* GoogleSignInSwift in Frameworks */ = {isa = PBXBuildFile; productRef = CA553DDB2E8CEFAB001FD2D8 /* GoogleSignInSwift */; };
		CA553DEC2E8CF525001FD2D8 /* GoogleService-Info.plist in Resources */ = {isa = PBXBuildFile; fileRef = CA553DEB2E8CF525001FD2D8 /* GoogleService-Info.plist */; };
		CA553DED2E8CF525001FD2D8 /* GoogleService-Info.plist in Resources */ = {isa = PBXBuildFile; fileRef = CA553DEB2E8CF525001FD2D8 /* GoogleService-Info.plist */; };
		CA553DEE2E8CF525001FD2D8 /* GoogleService-Info.plist in Resources */ = {isa = PBXBuildFile; fileRef = CA553DEB2E8CF525001FD2D8 /* GoogleService-Info.plist */; };
		CA9C48482E6FE09700B603A9 /* .gitignore in Resources */ = {isa = PBXBuildFile; fileRef = CA9C48472E6FE08E00B603A9 /* .gitignore */; };
		CABBC40F2EBED9CC00126C15 /* LICENSE.md in Resources */ = {isa = PBXBuildFile; fileRef = CABBC40E2EBED9C100126C15 /* LICENSE.md */; };
		CABBC4132EBEDBA500126C15 /* FirebaseAppCheck in Frameworks */ = {isa = PBXBuildFile; productRef = CABBC4122EBEDBA500126C15 /* FirebaseAppCheck */; };
		CABE90F02E9B5606003F666F /* README.md in Resources */ = {isa = PBXBuildFile; fileRef = CABE90EF2E9B5606003F666F /* README.md */; };
/* End PBXBuildFile section */

/* Begin PBXContainerItemProxy section */
		CA3638C92E546A5700F8E067 /* PBXContainerItemProxy */ = {
			isa = PBXContainerItemProxy;
			containerPortal = CA3638B32E546A5600F8E067 /* Project object */;
			proxyType = 1;
			remoteGlobalIDString = CA3638BA2E546A5600F8E067;
			remoteInfo = FireLab;
		};
		CA3638D32E546A5700F8E067 /* PBXContainerItemProxy */ = {
			isa = PBXContainerItemProxy;
			containerPortal = CA3638B32E546A5600F8E067 /* Project object */;
			proxyType = 1;
			remoteGlobalIDString = CA3638BA2E546A5600F8E067;
			remoteInfo = FireLab;
		};
/* End PBXContainerItemProxy section */

/* Begin PBXFileReference section */
		CA0C3D952EE5C13200012A88 /* lstm_monthly.mlpackage */ = {isa = PBXFileReference; lastKnownFileType = folder.mlpackage; path = lstm_monthly.mlpackage; sourceTree = "<group>"; };
		CA3638BB2E546A5600F8E067 /* FireLab.app */ = {isa = PBXFileReference; explicitFileType = wrapper.application; includeInIndex = 0; path = FireLab.app; sourceTree = BUILT_PRODUCTS_DIR; };
		CA3638C82E546A5700F8E067 /* FireLabTests.xctest */ = {isa = PBXFileReference; explicitFileType = wrapper.cfbundle; includeInIndex = 0; path = FireLabTests.xctest; sourceTree = BUILT_PRODUCTS_DIR; };
		CA3638D22E546A5700F8E067 /* FireLabUITests.xctest */ = {isa = PBXFileReference; explicitFileType = wrapper.cfbundle; includeInIndex = 0; path = FireLabUITests.xctest; sourceTree = BUILT_PRODUCTS_DIR; };
		CA553DEB2E8CF525001FD2D8 /* GoogleService-Info.plist */ = {isa = PBXFileReference; lastKnownFileType = text.plist.xml; path = "GoogleService-Info.plist"; sourceTree = "<group>"; };
		CA9C48472E6FE08E00B603A9 /* .gitignore */ = {isa = PBXFileReference; lastKnownFileType = text; path = .gitignore; sourceTree = "<group>"; };
		CABBC40E2EBED9C100126C15 /* LICENSE.md */ = {isa = PBXFileReference; lastKnownFileType = net.daringfireball.markdown; path = LICENSE.md; sourceTree = "<group>"; };
		CABE90EF2E9B5606003F666F /* README.md */ = {isa = PBXFileReference; lastKnownFileType = net.daringfireball.markdown; path = README.md; sourceTree = "<group>"; };
/* End PBXFileReference section */

/* Begin PBXFileSystemSynchronizedBuildFileExceptionSet section */
		CA553DE22E8CF171001FD2D8 /* Exceptions for "FireLab" folder in "FireLab" target */ = {
			isa = PBXFileSystemSynchronizedBuildFileExceptionSet;
			membershipExceptions = (
				Info.plist,
			);
			target = CA3638BA2E546A5600F8E067 /* FireLab */;
		};
/* End PBXFileSystemSynchronizedBuildFileExceptionSet section */

/* Begin PBXFileSystemSynchronizedRootGroup section */
		CA3638BD2E546A5600F8E067 /* FireLab */ = {
			isa = PBXFileSystemSynchronizedRootGroup;
			exceptions = (
				CA553DE22E8CF171001FD2D8 /* Exceptions for "FireLab" folder in "FireLab" target */,
			);
			path = FireLab;
			sourceTree = "<group>";
		};
		CA3638CB2E546A5700F8E067 /* FireLabTests */ = {
			isa = PBXFileSystemSynchronizedRootGroup;
			path = FireLabTests;
			sourceTree = "<group>";
		};
		CA3638D52E546A5700F8E067 /* FireLabUITests */ = {
			isa = PBXFileSystemSynchronizedRootGroup;
			path = FireLabUITests;
			sourceTree = "<group>";
		};
/* End PBXFileSystemSynchronizedRootGroup section */

/* Begin PBXFrameworksBuildPhase section */
		CA3638B82E546A5600F8E067 /* Frameworks */ = {
			isa = PBXFrameworksBuildPhase;
			buildActionMask = 2147483647;
			files = (
				CA553DDC2E8CEFAB001FD2D8 /* GoogleSignInSwift in Frameworks */,
				CA553DD52E8CEF16001FD2D8 /* FirebaseCore in Frameworks */,
				CA553DDA2E8CEFAB001FD2D8 /* GoogleSignIn in Frameworks */,
				CA553DD32E8CEF16001FD2D8 /* FirebaseAuth in Frameworks */,
				CABBC4132EBEDBA500126C15 /* FirebaseAppCheck in Frameworks */,
				CA553DD72E8CEF16001FD2D8 /* FirebaseFirestore in Frameworks */,
			);
			runOnlyForDeploymentPostprocessing = 0;
		};
		CA3638C52E546A5700F8E067 /* Frameworks */ = {
			isa = PBXFrameworksBuildPhase;
			buildActionMask = 2147483647;
			files = (
			);
			runOnlyForDeploymentPostprocessing = 0;
		};
		CA3638CF2E546A5700F8E067 /* Frameworks */ = {
			isa = PBXFrameworksBuildPhase;
			buildActionMask = 2147483647;
			files = (
			);
			runOnlyForDeploymentPostprocessing = 0;
		};
/* End PBXFrameworksBuildPhase section */

/* Begin PBXGroup section */
		CA3638B22E546A5600F8E067 = {
			isa = PBXGroup;
			children = (
				CABBC40E2EBED9C100126C15 /* LICENSE.md */,
				CABE90EF2E9B5606003F666F /* README.md */,
				CA9C48472E6FE08E00B603A9 /* .gitignore */,
				CA3638BD2E546A5600F8E067 /* FireLab */,
				CA3638CB2E546A5700F8E067 /* FireLabTests */,
				CA3638D52E546A5700F8E067 /* FireLabUITests */,
				CA3638BC2E546A5600F8E067 /* Products */,
				CA553DEB2E8CF525001FD2D8 /* GoogleService-Info.plist */,
				CA0C3D952EE5C13200012A88 /* lstm_monthly.mlpackage */,
			);
			sourceTree = "<group>";
		};
		CA3638BC2E546A5600F8E067 /* Products */ = {
			isa = PBXGroup;
			children = (
				CA3638BB2E546A5600F8E067 /* FireLab.app */,
				CA3638C82E546A5700F8E067 /* FireLabTests.xctest */,
				CA3638D22E546A5700F8E067 /* FireLabUITests.xctest */,
			);
			name = Products;
			sourceTree = "<group>";
		};
/* End PBXGroup section */

/* Begin PBXNativeTarget section */
		CA3638BA2E546A5600F8E067 /* FireLab */ = {
			isa = PBXNativeTarget;
			buildConfigurationList = CA3638DC2E546A5700F8E067 /* Build configuration list for PBXNativeTarget "FireLab" */;
			buildPhases = (
				CA3638B72E546A5600F8E067 /* Sources */,
				CA3638B82E546A5600F8E067 /* Frameworks */,
				CA3638B92E546A5600F8E067 /* Resources */,
			);
			buildRules = (
			);
			dependencies = (
			);
			fileSystemSynchronizedGroups = (
				CA3638BD2E546A5600F8E067 /* FireLab */,
			);
			name = FireLab;
			packageProductDependencies = (
				CA553DD22E8CEF16001FD2D8 /* FirebaseAuth */,
				CA553DD42E8CEF16001FD2D8 /* FirebaseCore */,
				CA553DD62E8CEF16001FD2D8 /* FirebaseFirestore */,
				CA553DD92E8CEFAB001FD2D8 /* GoogleSignIn */,
				CA553DDB2E8CEFAB001FD2D8 /* GoogleSignInSwift */,
				CABBC4122EBEDBA500126C15 /* FirebaseAppCheck */,
			);
			productName = FireLab;
			productReference = CA3638BB2E546A5600F8E067 /* FireLab.app */;
			productType = "com.apple.product-type.application";
		};
		CA3638C72E546A5700F8E067 /* FireLabTests */ = {
			isa = PBXNativeTarget;
			buildConfigurationList = CA3638DF2E546A5700F8E067 /* Build configuration list for PBXNativeTarget "FireLabTests" */;
			buildPhases = (
				CA3638C42E546A5700F8E067 /* Sources */,
				CA3638C52E546A5700F8E067 /* Frameworks */,
				CA3638C62E546A5700F8E067 /* Resources */,
			);
			buildRules = (
			);
			dependencies = (
				CA3638CA2E546A5700F8E067 /* PBXTargetDependency */,
			);
			fileSystemSynchronizedGroups = (
				CA3638CB2E546A5700F8E067 /* FireLabTests */,
			);
			name = FireLabTests;
			packageProductDependencies = (
			);
			productName = FireLabTests;
			productReference = CA3638C82E546A5700F8E067 /* FireLabTests.xctest */;
			productType = "com.apple.product-type.bundle.unit-test";
		};
		CA3638D12E546A5700F8E067 /* FireLabUITests */ = {
			isa = PBXNativeTarget;
			buildConfigurationList = CA3638E22E546A5700F8E067 /* Build configuration list for PBXNativeTarget "FireLabUITests" */;
			buildPhases = (
				CA3638CE2E546A5700F8E067 /* Sources */,
				CA3638CF2E546A5700F8E067 /* Frameworks */,
				CA3638D02E546A5700F8E067 /* Resources */,
			);
			buildRules = (
			);
			dependencies = (
				CA3638D42E546A5700F8E067 /* PBXTargetDependency */,
			);
			fileSystemSynchronizedGroups = (
				CA3638D52E546A5700F8E067 /* FireLabUITests */,
			);
			name = FireLabUITests;
			packageProductDependencies = (
			);
			productName = FireLabUITests;
			productReference = CA3638D22E546A5700F8E067 /* FireLabUITests.xctest */;
			productType = "com.apple.product-type.bundle.ui-testing";
		};
/* End PBXNativeTarget section */

/* Begin PBXProject section */
		CA3638B32E546A5600F8E067 /* Project object */ = {
			isa = PBXProject;
			attributes = {
				BuildIndependentTargetsInParallel = 1;
				LastSwiftUpdateCheck = 1640;
				LastUpgradeCheck = 1640;
				TargetAttributes = {
					CA3638BA2E546A5600F8E067 = {
						CreatedOnToolsVersion = 16.4;
					};
					CA3638C72E546A5700F8E067 = {
						CreatedOnToolsVersion = 16.4;
						TestTargetID = CA3638BA2E546A5600F8E067;
					};
					CA3638D12E546A5700F8E067 = {
						CreatedOnToolsVersion = 16.4;
						TestTargetID = CA3638BA2E546A5600F8E067;
					};
				};
			};
			buildConfigurationList = CA3638B62E546A5600F8E067 /* Build configuration list for PBXProject "FireLab" */;
			developmentRegion = en;
			hasScannedForEncodings = 0;
			knownRegions = (
				en,
				Base,
			);
			mainGroup = CA3638B22E546A5600F8E067;
			minimizedProjectReferenceProxies = 1;
			packageReferences = (
				CA553DD12E8CEF16001FD2D8 /* XCRemoteSwiftPackageReference "firebase-ios-sdk" */,
				CA553DD82E8CEFAB001FD2D8 /* XCRemoteSwiftPackageReference "GoogleSignIn-iOS" */,
			);
			preferredProjectObjectVersion = 77;
			productRefGroup = CA3638BC2E546A5600F8E067 /* Products */;
			projectDirPath = "";
			projectRoot = "";
			targets = (
				CA3638BA2E546A5600F8E067 /* FireLab */,
				CA3638C72E546A5700F8E067 /* FireLabTests */,
				CA3638D12E546A5700F8E067 /* FireLabUITests */,
			);
		};
/* End PBXProject section */

/* Begin PBXResourcesBuildPhase section */
		CA3638B92E546A5600F8E067 /* Resources */ = {
			isa = PBXResourcesBuildPhase;
			buildActionMask = 2147483647;
			files = (
				CA9C48482E6FE09700B603A9 /* .gitignore in Resources */,
				CABE90F02E9B5606003F666F /* README.md in Resources */,
				CABBC40F2EBED9CC00126C15 /* LICENSE.md in Resources */,
				CA553DED2E8CF525001FD2D8 /* GoogleService-Info.plist in Resources */,
			);
			runOnlyForDeploymentPostprocessing = 0;
		};
		CA3638C62E546A5700F8E067 /* Resources */ = {
			isa = PBXResourcesBuildPhase;
			buildActionMask = 2147483647;
			files = (
				CA553DEE2E8CF525001FD2D8 /* GoogleService-Info.plist in Resources */,
			);
			runOnlyForDeploymentPostprocessing = 0;
		};
		CA3638D02E546A5700F8E067 /* Resources */ = {
			isa = PBXResourcesBuildPhase;
			buildActionMask = 2147483647;
			files = (
				CA553DEC2E8CF525001FD2D8 /* GoogleService-Info.plist in Resources */,
			);
			runOnlyForDeploymentPostprocessing = 0;
		};
/* End PBXResourcesBuildPhase section */

/* Begin PBXSourcesBuildPhase section */
		CA3638B72E546A5600F8E067 /* Sources */ = {
			isa = PBXSourcesBuildPhase;
			buildActionMask = 2147483647;
			files = (
				CA0C3D962EE5C13200012A88 /* lstm_monthly.mlpackage in Sources */,
			);
			runOnlyForDeploymentPostprocessing = 0;
		};
		CA3638C42E546A5700F8E067 /* Sources */ = {
			isa = PBXSourcesBuildPhase;
			buildActionMask = 2147483647;
			files = (
			);
			runOnlyForDeploymentPostprocessing = 0;
		};
		CA3638CE2E546A5700F8E067 /* Sources */ = {
			isa = PBXSourcesBuildPhase;
			buildActionMask = 2147483647;
			files = (
			);
			runOnlyForDeploymentPostprocessing = 0;
		};
/* End PBXSourcesBuildPhase section */

/* Begin PBXTargetDependency section */
		CA3638CA2E546A5700F8E067 /* PBXTargetDependency */ = {
			isa = PBXTargetDependency;
			target = CA3638BA2E546A5600F8E067 /* FireLab */;
			targetProxy = CA3638C92E546A5700F8E067 /* PBXContainerItemProxy */;
		};
		CA3638D42E546A5700F8E067 /* PBXTargetDependency */ = {
			isa = PBXTargetDependency;
			target = CA3638BA2E546A5600F8E067 /* FireLab */;
			targetProxy = CA3638D32E546A5700F8E067 /* PBXContainerItemProxy */;
		};
/* End PBXTargetDependency section */

/* Begin XCBuildConfiguration section */
		CA3638DA2E546A5700F8E067 /* Debug */ = {
			isa = XCBuildConfiguration;
			buildSettings = {
				ALWAYS_SEARCH_USER_PATHS = NO;
				ASSETCATALOG_COMPILER_GENERATE_SWIFT_ASSET_SYMBOL_EXTENSIONS = YES;
				CLANG_ANALYZER_NONNULL = YES;
				CLANG_ANALYZER_NUMBER_OBJECT_CONVERSION = YES_AGGRESSIVE;
				CLANG_CXX_LANGUAGE_STANDARD = "gnu++20";
				CLANG_ENABLE_MODULES = YES;
				CLANG_ENABLE_OBJC_ARC = YES;
				CLANG_ENABLE_OBJC_WEAK = YES;
				CLANG_WARN_BLOCK_CAPTURE_AUTORELEASING = YES;
				CLANG_WARN_BOOL_CONVERSION = YES;
				CLANG_WARN_COMMA = YES;
				CLANG_WARN_CONSTANT_CONVERSION = YES;
				CLANG_WARN_DEPRECATED_OBJC_IMPLEMENTATIONS = YES;
				CLANG_WARN_DIRECT_OBJC_ISA_USAGE = YES_ERROR;
				CLANG_WARN_DOCUMENTATION_COMMENTS = YES;
				CLANG_WARN_EMPTY_BODY = YES;
				CLANG_WARN_ENUM_CONVERSION = YES;
				CLANG_WARN_INFINITE_RECURSION = YES;
				CLANG_WARN_INT_CONVERSION = YES;
				CLANG_WARN_NON_LITERAL_NULL_CONVERSION = YES;
				CLANG_WARN_OBJC_IMPLICIT_RETAIN_SELF = YES;
				CLANG_WARN_OBJC_LITERAL_CONVERSION = YES;
				CLANG_WARN_OBJC_ROOT_CLASS = YES_ERROR;
				CLANG_WARN_QUOTED_INCLUDE_IN_FRAMEWORK_HEADER = YES;
				CLANG_WARN_RANGE_LOOP_ANALYSIS = YES;
				CLANG_WARN_STRICT_PROTOTYPES = YES;
				CLANG_WARN_SUSPICIOUS_MOVE = YES;
				CLANG_WARN_UNGUARDED_AVAILABILITY = YES_AGGRESSIVE;
				CLANG_WARN_UNREACHABLE_CODE = YES;
				CLANG_WARN__DUPLICATE_METHOD_MATCH = YES;
				COPY_PHASE_STRIP = NO;
				DEBUG_INFORMATION_FORMAT = dwarf;
				ENABLE_STRICT_OBJC_MSGSEND = YES;
				ENABLE_TESTABILITY = YES;
				ENABLE_USER_SCRIPT_SANDBOXING = YES;
				GCC_C_LANGUAGE_STANDARD = gnu17;
				GCC_DYNAMIC_NO_PIC = NO;
				GCC_NO_COMMON_BLOCKS = YES;
				GCC_OPTIMIZATION_LEVEL = 0;
				GCC_PREPROCESSOR_DEFINITIONS = (
					"DEBUG=1",
					"$(inherited)",
				);
				GCC_WARN_64_TO_32_BIT_CONVERSION = YES;
				GCC_WARN_ABOUT_RETURN_TYPE = YES_ERROR;
				GCC_WARN_UNDECLARED_SELECTOR = YES;
				GCC_WARN_UNINITIALIZED_AUTOS = YES_AGGRESSIVE;
				GCC_WARN_UNUSED_FUNCTION = YES;
				GCC_WARN_UNUSED_VARIABLE = YES;
				IPHONEOS_DEPLOYMENT_TARGET = 18.5;
				LOCALIZATION_PREFERS_STRING_CATALOGS = YES;
				MTL_ENABLE_DEBUG_INFO = INCLUDE_SOURCE;
				MTL_FAST_MATH = YES;
				ONLY_ACTIVE_ARCH = YES;
				SDKROOT = iphoneos;
				SWIFT_ACTIVE_COMPILATION_CONDITIONS = "DEBUG $(inherited)";
				SWIFT_OPTIMIZATION_LEVEL = "-Onone";
			};
			name = Debug;
		};
		CA3638DB2E546A5700F8E067 /* Release */ = {
			isa = XCBuildConfiguration;
			buildSettings = {
				ALWAYS_SEARCH_USER_PATHS = NO;
				ASSETCATALOG_COMPILER_GENERATE_SWIFT_ASSET_SYMBOL_EXTENSIONS = YES;
				CLANG_ANALYZER_NONNULL = YES;
				CLANG_ANALYZER_NUMBER_OBJECT_CONVERSION = YES_AGGRESSIVE;
				CLANG_CXX_LANGUAGE_STANDARD = "gnu++20";
				CLANG_ENABLE_MODULES = YES;
				CLANG_ENABLE_OBJC_ARC = YES;
				CLANG_ENABLE_OBJC_WEAK = YES;
				CLANG_WARN_BLOCK_CAPTURE_AUTORELEASING = YES;
				CLANG_WARN_BOOL_CONVERSION = YES;
				CLANG_WARN_COMMA = YES;
				CLANG_WARN_CONSTANT_CONVERSION = YES;
				CLANG_WARN_DEPRECATED_OBJC_IMPLEMENTATIONS = YES;
				CLANG_WARN_DIRECT_OBJC_ISA_USAGE = YES_ERROR;
				CLANG_WARN_DOCUMENTATION_COMMENTS = YES;
				CLANG_WARN_EMPTY_BODY = YES;
				CLANG_WARN_ENUM_CONVERSION = YES;
				CLANG_WARN_INFINITE_RECURSION = YES;
				CLANG_WARN_INT_CONVERSION = YES;
				CLANG_WARN_NON_LITERAL_NULL_CONVERSION = YES;
				CLANG_WARN_OBJC_IMPLICIT_RETAIN_SELF = YES;
				CLANG_WARN_OBJC_LITERAL_CONVERSION = YES;
				CLANG_WARN_OBJC_ROOT_CLASS = YES_ERROR;
				CLANG_WARN_QUOTED_INCLUDE_IN_FRAMEWORK_HEADER = YES;
				CLANG_WARN_RANGE_LOOP_ANALYSIS = YES;
				CLANG_WARN_STRICT_PROTOTYPES = YES;
				CLANG_WARN_SUSPICIOUS_MOVE = YES;
				CLANG_WARN_UNGUARDED_AVAILABILITY = YES_AGGRESSIVE;
				CLANG_WARN_UNREACHABLE_CODE = YES;
				CLANG_WARN__DUPLICATE_METHOD_MATCH = YES;
				COPY_PHASE_STRIP = NO;
				DEBUG_INFORMATION_FORMAT = "dwarf-with-dsym";
				ENABLE_NS_ASSERTIONS = NO;
				ENABLE_STRICT_OBJC_MSGSEND = YES;
				ENABLE_USER_SCRIPT_SANDBOXING = YES;
				GCC_C_LANGUAGE_STANDARD = gnu17;
				GCC_NO_COMMON_BLOCKS = YES;
				GCC_WARN_64_TO_32_BIT_CONVERSION = YES;
				GCC_WARN_ABOUT_RETURN_TYPE = YES_ERROR;
				GCC_WARN_UNDECLARED_SELECTOR = YES;
				GCC_WARN_UNINITIALIZED_AUTOS = YES_AGGRESSIVE;
				GCC_WARN_UNUSED_FUNCTION = YES;
				GCC_WARN_UNUSED_VARIABLE = YES;
				IPHONEOS_DEPLOYMENT_TARGET = 18.5;
				LOCALIZATION_PREFERS_STRING_CATALOGS = YES;
				MTL_ENABLE_DEBUG_INFO = NO;
				MTL_FAST_MATH = YES;
				SDKROOT = iphoneos;
				SWIFT_COMPILATION_MODE = wholemodule;
				VALIDATE_PRODUCT = YES;
			};
			name = Release;
		};
		CA3638DD2E546A5700F8E067 /* Debug */ = {
			isa = XCBuildConfiguration;
			buildSettings = {
				ASSETCATALOG_COMPILER_APPICON_NAME = AppIcon;
				ASSETCATALOG_COMPILER_GLOBAL_ACCENT_COLOR_NAME = AccentColor;
				CODE_SIGN_STYLE = Automatic;
				CURRENT_PROJECT_VERSION = 1;
				DEVELOPMENT_TEAM = RRSMQTY3TH;
				ENABLE_PREVIEWS = YES;
				GENERATE_INFOPLIST_FILE = YES;
				INFOPLIST_FILE = FireLab/Info.plist;
				INFOPLIST_KEY_UIApplicationSceneManifest_Generation = YES;
				INFOPLIST_KEY_UIApplicationSupportsIndirectInputEvents = YES;
				INFOPLIST_KEY_UILaunchScreen_Generation = YES;
				INFOPLIST_KEY_UISupportedInterfaceOrientations_iPad = "UIInterfaceOrientationPortrait UIInterfaceOrientationPortraitUpsideDown UIInterfaceOrientationLandscapeLeft UIInterfaceOrientationLandscapeRight";
				INFOPLIST_KEY_UISupportedInterfaceOrientations_iPhone = "UIInterfaceOrientationPortrait UIInterfaceOrientationLandscapeLeft UIInterfaceOrientationLandscapeRight";
				LD_RUNPATH_SEARCH_PATHS = (
					"$(inherited)",
					"@executable_path/Frameworks",
				);
				MARKETING_VERSION = 1.0;
				PRODUCT_BUNDLE_IDENTIFIER = com.rmit.FireLab;
				PRODUCT_NAME = "$(TARGET_NAME)";
				SWIFT_EMIT_LOC_STRINGS = YES;
				SWIFT_VERSION = 5.0;
				TARGETED_DEVICE_FAMILY = "1,2";
			};
			name = Debug;
		};
		CA3638DE2E546A5700F8E067 /* Release */ = {
			isa = XCBuildConfiguration;
			buildSettings = {
				ASSETCATALOG_COMPILER_APPICON_NAME = AppIcon;
				ASSETCATALOG_COMPILER_GLOBAL_ACCENT_COLOR_NAME = AccentColor;
				CODE_SIGN_STYLE = Automatic;
				CURRENT_PROJECT_VERSION = 1;
				DEVELOPMENT_TEAM = RRSMQTY3TH;
				ENABLE_PREVIEWS = YES;
				GENERATE_INFOPLIST_FILE = YES;
				INFOPLIST_FILE = FireLab/Info.plist;
				INFOPLIST_KEY_UIApplicationSceneManifest_Generation = YES;
				INFOPLIST_KEY_UIApplicationSupportsIndirectInputEvents = YES;
				INFOPLIST_KEY_UILaunchScreen_Generation = YES;
				INFOPLIST_KEY_UISupportedInterfaceOrientations_iPad = "UIInterfaceOrientationPortrait UIInterfaceOrientationPortraitUpsideDown UIInterfaceOrientationLandscapeLeft UIInterfaceOrientationLandscapeRight";
				INFOPLIST_KEY_UISupportedInterfaceOrientations_iPhone = "UIInterfaceOrientationPortrait UIInterfaceOrientationLandscapeLeft UIInterfaceOrientationLandscapeRight";
				LD_RUNPATH_SEARCH_PATHS = (
					"$(inherited)",
					"@executable_path/Frameworks",
				);
				MARKETING_VERSION = 1.0;
				PRODUCT_BUNDLE_IDENTIFIER = com.rmit.FireLab;
				PRODUCT_NAME = "$(TARGET_NAME)";
				SWIFT_EMIT_LOC_STRINGS = YES;
				SWIFT_VERSION = 5.0;
				TARGETED_DEVICE_FAMILY = "1,2";
			};
			name = Release;
		};
		CA3638E02E546A5700F8E067 /* Debug */ = {
			isa = XCBuildConfiguration;
			buildSettings = {
				BUNDLE_LOADER = "$(TEST_HOST)";
				CODE_SIGN_STYLE = Automatic;
				CURRENT_PROJECT_VERSION = 1;
				GENERATE_INFOPLIST_FILE = YES;
				IPHONEOS_DEPLOYMENT_TARGET = 18.5;
				MARKETING_VERSION = 1.0;
				PRODUCT_BUNDLE_IDENTIFIER = com.rmit.FireLabTests;
				PRODUCT_NAME = "$(TARGET_NAME)";
				SWIFT_EMIT_LOC_STRINGS = NO;
				SWIFT_VERSION = 5.0;
				TARGETED_DEVICE_FAMILY = "1,2";
				TEST_HOST = "$(BUILT_PRODUCTS_DIR)/FireLab.app/$(BUNDLE_EXECUTABLE_FOLDER_PATH)/FireLab";
			};
			name = Debug;
		};
		CA3638E12E546A5700F8E067 /* Release */ = {
			isa = XCBuildConfiguration;
			buildSettings = {
				BUNDLE_LOADER = "$(TEST_HOST)";
				CODE_SIGN_STYLE = Automatic;
				CURRENT_PROJECT_VERSION = 1;
				GENERATE_INFOPLIST_FILE = YES;
				IPHONEOS_DEPLOYMENT_TARGET = 18.5;
				MARKETING_VERSION = 1.0;
				PRODUCT_BUNDLE_IDENTIFIER = com.rmit.FireLabTests;
				PRODUCT_NAME = "$(TARGET_NAME)";
				SWIFT_EMIT_LOC_STRINGS = NO;
				SWIFT_VERSION = 5.0;
				TARGETED_DEVICE_FAMILY = "1,2";
				TEST_HOST = "$(BUILT_PRODUCTS_DIR)/FireLab.app/$(BUNDLE_EXECUTABLE_FOLDER_PATH)/FireLab";
			};
			name = Release;
		};
		CA3638E32E546A5700F8E067 /* Debug */ = {
			isa = XCBuildConfiguration;
			buildSettings = {
				CODE_SIGN_STYLE = Automatic;
				CURRENT_PROJECT_VERSION = 1;
				GENERATE_INFOPLIST_FILE = YES;
				MARKETING_VERSION = 1.0;
				PRODUCT_BUNDLE_IDENTIFIER = com.rmit.FireLabUITests;
				PRODUCT_NAME = "$(TARGET_NAME)";
				SWIFT_EMIT_LOC_STRINGS = NO;
				SWIFT_VERSION = 5.0;
				TARGETED_DEVICE_FAMILY = "1,2";
				TEST_TARGET_NAME = FireLab;
			};
			name = Debug;
		};
		CA3638E42E546A5700F8E067 /* Release */ = {
			isa = XCBuildConfiguration;
			buildSettings = {
				CODE_SIGN_STYLE = Automatic;
				CURRENT_PROJECT_VERSION = 1;
				GENERATE_INFOPLIST_FILE = YES;
				MARKETING_VERSION = 1.0;
				PRODUCT_BUNDLE_IDENTIFIER = com.rmit.FireLabUITests;
				PRODUCT_NAME = "$(TARGET_NAME)";
				SWIFT_EMIT_LOC_STRINGS = NO;
				SWIFT_VERSION = 5.0;
				TARGETED_DEVICE_FAMILY = "1,2";
				TEST_TARGET_NAME = FireLab;
			};
			name = Release;
		};
/* End XCBuildConfiguration section */

/* Begin XCConfigurationList section */
		CA3638B62E546A5600F8E067 /* Build configuration list for PBXProject "FireLab" */ = {
			isa = XCConfigurationList;
			buildConfigurations = (
				CA3638DA2E546A5700F8E067 /* Debug */,
				CA3638DB2E546A5700F8E067 /* Release */,
			);
			defaultConfigurationIsVisible = 0;
			defaultConfigurationName = Release;
		};
		CA3638DC2E546A5700F8E067 /* Build configuration list for PBXNativeTarget "FireLab" */ = {
			isa = XCConfigurationList;
			buildConfigurations = (
				CA3638DD2E546A5700F8E067 /* Debug */,
				CA3638DE2E546A5700F8E067 /* Release */,
			);
			defaultConfigurationIsVisible = 0;
			defaultConfigurationName = Release;
		};
		CA3638DF2E546A5700F8E067 /* Build configuration list for PBXNativeTarget "FireLabTests" */ = {
			isa = XCConfigurationList;
			buildConfigurations = (
				CA3638E02E546A5700F8E067 /* Debug */,
				CA3638E12E546A5700F8E067 /* Release */,
			);
			defaultConfigurationIsVisible = 0;
			defaultConfigurationName = Release;
		};
		CA3638E22E546A5700F8E067 /* Build configuration list for PBXNativeTarget "FireLabUITests" */ = {
			isa = XCConfigurationList;
			buildConfigurations = (
				CA3638E32E546A5700F8E067 /* Debug */,
				CA3638E42E546A5700F8E067 /* Release */,
			);
			defaultConfigurationIsVisible = 0;
			defaultConfigurationName = Release;
		};
/* End XCConfigurationList section */

/* Begin XCRemoteSwiftPackageReference section */
		CA553DD12E8CEF16001FD2D8 /* XCRemoteSwiftPackageReference "firebase-ios-sdk" */ = {
			isa = XCRemoteSwiftPackageReference;
			repositoryURL = "https://github.com/firebase/firebase-ios-sdk";
			requirement = {
				kind = upToNextMajorVersion;
				minimumVersion = 12.3.0;
			};
		};
		CA553DD82E8CEFAB001FD2D8 /* XCRemoteSwiftPackageReference "GoogleSignIn-iOS" */ = {
			isa = XCRemoteSwiftPackageReference;
			repositoryURL = "https://github.com/google/GoogleSignIn-iOS";
			requirement = {
				kind = upToNextMajorVersion;
				minimumVersion = 9.0.0;
			};
		};
/* End XCRemoteSwiftPackageReference section */

/* Begin XCSwiftPackageProductDependency section */
		CA553DD22E8CEF16001FD2D8 /* FirebaseAuth */ = {
			isa = XCSwiftPackageProductDependency;
			package = CA553DD12E8CEF16001FD2D8 /* XCRemoteSwiftPackageReference "firebase-ios-sdk" */;
			productName = FirebaseAuth;
		};
		CA553DD42E8CEF16001FD2D8 /* FirebaseCore */ = {
			isa = XCSwiftPackageProductDependency;
			package = CA553DD12E8CEF16001FD2D8 /* XCRemoteSwiftPackageReference "firebase-ios-sdk" */;
			productName = FirebaseCore;
		};
		CA553DD62E8CEF16001FD2D8 /* FirebaseFirestore */ = {
			isa = XCSwiftPackageProductDependency;
			package = CA553DD12E8CEF16001FD2D8 /* XCRemoteSwiftPackageReference "firebase-ios-sdk" */;
			productName = FirebaseFirestore;
		};
		CA553DD92E8CEFAB001FD2D8 /* GoogleSignIn */ = {
			isa = XCSwiftPackageProductDependency;
			package = CA553DD82E8CEFAB001FD2D8 /* XCRemoteSwiftPackageReference "GoogleSignIn-iOS" */;
			productName = GoogleSignIn;
		};
		CA553DDB2E8CEFAB001FD2D8 /* GoogleSignInSwift */ = {
			isa = XCSwiftPackageProductDependency;
			package = CA553DD82E8CEFAB001FD2D8 /* XCRemoteSwiftPackageReference "GoogleSignIn-iOS" */;
			productName = GoogleSignInSwift;
		};
		CABBC4122EBEDBA500126C15 /* FirebaseAppCheck */ = {
			isa = XCSwiftPackageProductDependency;
			package = CA553DD12E8CEF16001FD2D8 /* XCRemoteSwiftPackageReference "firebase-ios-sdk" */;
			productName = FirebaseAppCheck;
		};
/* End XCSwiftPackageProductDependency section */
	};
	rootObject = CA3638B32E546A5600F8E067 /* Project object */;
}
